{
    "name": "aoc-ts",
    "lockfileVersion": 3,
    "requires": true,
    "packages": {
        "": {
            "dependencies": {
                "lodash": "^4.17.21"
            },
            "devDependencies": {
                "@types/lodash": "^4.14.202",
                "@types/node": "^16.7.6",
                "rsync": "^0.6.0",
                "typescript": "^4.4.4"
            }
        },
        "node_modules/@types/lodash": {
            "version": "4.14.202",
            "resolved": "https://registry.npmjs.org/@types/lodash/-/lodash-4.14.202.tgz",
            "integrity": "sha512-OvlIYQK9tNneDlS0VN54LLd5uiPCBOp7gS5Z0f1mjoJYBrtStzgmJBxONW3U6OZqdtNzZPmn9BS/7WI7BFFcFQ==",
            "dev": true
        },
        "node_modules/@types/node": {
            "version": "16.18.66",
            "resolved": "https://registry.npmjs.org/@types/node/-/node-16.18.66.tgz",
            "integrity": "sha512-sePmD/imfKvC4re/Wwos1NEcXYm6O96CAG5gQVY53nmDb8ePQ4qPku6uruN7n6TJ0t5FhcoUc2+yvE2/UZVDZw==",
            "dev": true
        },
        "node_modules/lodash": {
            "version": "4.17.21",
            "resolved": "https://registry.npmjs.org/lodash/-/lodash-4.17.21.tgz",
            "integrity": "sha512-v2kDEe57lecTulaDIuNTPy3Ry4gLGJ6Z1O3vE1krgXZNrsQ+LFTGHVxVjcXPs17LhbZVGedAJv8XZ1tvj5FvSg=="
        },
        "node_modules/rsync": {
            "version": "0.6.1",
            "resolved": "https://registry.npmjs.org/rsync/-/rsync-0.6.1.tgz",
            "integrity": "sha512-39HcwWuM67CQ9tHloazShXWUOWa2m3SGqX6XQhQMSj0VCQMkSI9PodoxM7/+hKf2p4v2umbhfoarYqd1gwII/w==",
            "dev": true
        },
        "node_modules/typescript": {
            "version": "4.9.5",
            "resolved": "https://registry.npmjs.org/typescript/-/typescript-4.9.5.tgz",
            "integrity": "sha512-1FXk9E2Hm+QzZQ7z+McJiHL4NW1F2EzMu9Nq9i3zAaGqibafqYwCVU6WyWAuyQRRzOlxou8xZSyXLEN8oKj24g==",
            "dev": true,
            "bin": {
                "tsc": "bin/tsc",
                "tsserver": "bin/tsserver"
            },
            "engines": {
                "node": ">=4.2.0"
            }
        }
    }
}
